
Microsoft Visual Studio Solution File, Format Version 12.00
# Visual Studio Version 17
VisualStudioVersion = 17.11.35103.136
MinimumVisualStudioVersion = 10.0.40219.1
Project("{8BC9CEB8-8B4A-11D0-8D11-00A0C91BC942}") = "ThrottleStop", "ThrottleStop\ThrottleStop.vcxproj", "{E548E3D3-48CB-4601-B6C3-4C0841D82678}"
EndProject
Global
	GlobalSection(SolutionConfigurationPlatforms) = preSolution
		Debug|x64 = Debug|x64
		Debug|x86 = Debug|x86
		Release|x64 = Release|x64
		Release|x86 = Release|x86
	EndGlobalSection
	GlobalSection(ProjectConfigurationPlatforms) = postSolution
		{E548E3D3-48CB-4601-B6C3-4C0841D82678}.Debug|x64.ActiveCfg = Debug|x64
		{E548E3D3-48CB-4601-B6C3-4C0841D82678}.Debug|x64.Build.0 = Debug|x64
		{E548E3D3-48CB-4601-B6C3-4C0841D82678}.Debug|x86.ActiveCfg = Debug|Win32
		{E548E3D3-48CB-4601-B6C3-4C0841D82678}.Debug|x86.Build.0 = Debug|Win32
		{E548E3D3-48CB-4601-B6C3-4C0841D82678}.Release|x64.ActiveCfg = Release|x64
		{E548E3D3-48CB-4601-B6C3-4C0841D82678}.Release|x64.Build.0 = Release|x64
		{E548E3D3-48CB-4601-B6C3-4C0841D82678}.Release|x86.ActiveCfg = Release|Win32
		{E548E3D3-48CB-4601-B6C3-4C0841D82678}.Release|x86.Build.0 = Release|Win32
	EndGlobalSection
	GlobalSection(SolutionProperties) = preSolution
		HideSolutionNode = FALSE
	EndGlobalSection
	GlobalSection(ExtensibilityGlobals) = postSolution
		SolutionGuid = {97D09C73-BBAE-4DCA-A01C-E84865D0F1FB}
	EndGlobalSection
EndGlobal
